
Microsoft Visual Studio Solution File, Format Version 12.00
# Visual Studio Version 17
VisualStudioVersion = 17.4.32804.182
MinimumVisualStudioVersion = 10.0.40219.1
Project("{9A19103F-16F7-4668-BE54-9A1E7A4F7556}") = "MauiClassLibrary", "MauiClassLibrary\MauiClassLibrary.csproj", "{CE533C76-93FC-4C60-A668-3FEE267CF5A7}"
EndProject
Project("{9A19103F-16F7-4668-BE54-9A1E7A4F7556}") = "ClassLibrary", "ClassLibrary\ClassLibrary.csproj", "{6DD352C3-F4E5-4933-9E84-BB84275F8887}"
EndProject
Project("{FAE04EC0-301F-11D3-BF4B-00C04F79EFBC}") = "MauiApplication", "MauiApplication\MauiApplication.csproj", "{AE2A4C15-AC3B-4F38-BDDC-7A39CB17DEE8}"
EndProject
Global
	GlobalSection(SolutionConfigurationPlatforms) = preSolution
		Debug|Any CPU = Debug|Any CPU
		Release|Any CPU = Release|Any CPU
	EndGlobalSection
	GlobalSection(ProjectConfigurationPlatforms) = postSolution
		{CE533C76-93FC-4C60-A668-3FEE267CF5A7}.Debug|Any CPU.ActiveCfg = Debug|Any CPU
		{CE533C76-93FC-4C60-A668-3FEE267CF5A7}.Debug|Any CPU.Build.0 = Debug|Any CPU
		{CE533C76-93FC-4C60-A668-3FEE267CF5A7}.Release|Any CPU.ActiveCfg = Release|Any CPU
		{CE533C76-93FC-4C60-A668-3FEE267CF5A7}.Release|Any CPU.Build.0 = Release|Any CPU
		{CE533C76-93FC-4C60-A668-3FEE267CF5A7}.Release|Any CPU.Deploy.0 = Release|Any CPU
		{6DD352C3-F4E5-4933-9E84-BB84275F8887}.Debug|Any CPU.ActiveCfg = Debug|Any CPU
		{6DD352C3-F4E5-4933-9E84-BB84275F8887}.Debug|Any CPU.Build.0 = Debug|Any CPU
		{6DD352C3-F4E5-4933-9E84-BB84275F8887}.Release|Any CPU.ActiveCfg = Release|Any CPU
		{6DD352C3-F4E5-4933-9E84-BB84275F8887}.Release|Any CPU.Build.0 = Release|Any CPU
		{AE2A4C15-AC3B-4F38-BDDC-7A39CB17DEE8}.Debug|Any CPU.ActiveCfg = Debug|Any CPU
		{AE2A4C15-AC3B-4F38-BDDC-7A39CB17DEE8}.Debug|Any CPU.Build.0 = Debug|Any CPU
		{AE2A4C15-AC3B-4F38-BDDC-7A39CB17DEE8}.Debug|Any CPU.Deploy.0 = Debug|Any CPU
		{AE2A4C15-AC3B-4F38-BDDC-7A39CB17DEE8}.Release|Any CPU.ActiveCfg = Release|Any CPU
		{AE2A4C15-AC3B-4F38-BDDC-7A39CB17DEE8}.Release|Any CPU.Build.0 = Release|Any CPU
		{AE2A4C15-AC3B-4F38-BDDC-7A39CB17DEE8}.Release|Any CPU.Deploy.0 = Release|Any CPU
	EndGlobalSection
	GlobalSection(SolutionProperties) = preSolution
		HideSolutionNode = FALSE
	EndGlobalSection
	GlobalSection(ExtensibilityGlobals) = postSolution
		SolutionGuid = {EFF632B9-A971-446E-BA4B-1B26DEB35657}
	EndGlobalSection
EndGlobal
